
Microsoft Visual Studio Solution File, Format Version 12.00
# Visual Studio Version 16
VisualStudioVersion = 16.0.32228.343
MinimumVisualStudioVersion = 10.0.40219.1
Project("{FAE04EC0-301F-11D3-BF4B-00C04F79EFBC}") = "Mediator", "Mediator\Mediator.csproj", "{E9F002AE-A542-4A1B-9FE2-BB5E9F245377}"
EndProject
Project("{FAE04EC0-301F-11D3-BF4B-00C04F79EFBC}") = "MediatorTest", "MediatorTest\MediatorTest.csproj", "{1CB88115-89E3-4F45-805E-FC041397BC60}"
EndProject
Global
	GlobalSection(SolutionConfigurationPlatforms) = preSolution
		Debug|Any CPU = Debug|Any CPU
		Release|Any CPU = Release|Any CPU
	EndGlobalSection
	GlobalSection(ProjectConfigurationPlatforms) = postSolution
		{E9F002AE-A542-4A1B-9FE2-BB5E9F245377}.Debug|Any CPU.ActiveCfg = Debug|Any CPU
		{E9F002AE-A542-4A1B-9FE2-BB5E9F245377}.Debug|Any CPU.Build.0 = Debug|Any CPU
		{E9F002AE-A542-4A1B-9FE2-BB5E9F245377}.Release|Any CPU.ActiveCfg = Release|Any CPU
		{E9F002AE-A542-4A1B-9FE2-BB5E9F245377}.Release|Any CPU.Build.0 = Release|Any CPU
		{1CB88115-89E3-4F45-805E-FC041397BC60}.Debug|Any CPU.ActiveCfg = Debug|Any CPU
		{1CB88115-89E3-4F45-805E-FC041397BC60}.Debug|Any CPU.Build.0 = Debug|Any CPU
		{1CB88115-89E3-4F45-805E-FC041397BC60}.Release|Any CPU.ActiveCfg = Release|Any CPU
		{1CB88115-89E3-4F45-805E-FC041397BC60}.Release|Any CPU.Build.0 = Release|Any CPU
	EndGlobalSection
	GlobalSection(SolutionProperties) = preSolution
		HideSolutionNode = FALSE
	EndGlobalSection
	GlobalSection(ExtensibilityGlobals) = postSolution
		SolutionGuid = {4601CE53-1B15-4D58-8EB8-6E6469A6816B}
	EndGlobalSection
EndGlobal
